
Microsoft Visual Studio Solution File, Format Version 12.00
# Visual Studio Version 16
VisualStudioVersion = 16.0.30011.22
MinimumVisualStudioVersion = 10.0.40219.1
Project("{9A19103F-16F7-4668-BE54-9A1E7A4F7556}") = "CSharp", "CSharp\CSharp.csproj", "{23D6D4C5-4372-4902-A7A8-DD33F74BBF86}"
EndProject
Project("{9A19103F-16F7-4668-BE54-9A1E7A4F7556}") = "EventConsoleApp", "EventConsoleApp\EventConsoleApp.csproj", "{E6DBEFF2-1FB6-44D0-828A-0102ACED0B2E}"
EndProject
Project("{9A19103F-16F7-4668-BE54-9A1E7A4F7556}") = "problem", "problem\problem.csproj", "{84A2B056-F19D-437B-B8E6-464991EDA67D}"
EndProject
Project("{FAE04EC0-301F-11D3-BF4B-00C04F79EFBC}") = "DateTimeProblem", "DateTimeProblem\DateTimeProblem.csproj", "{A068F3BD-7E71-4AB2-AD37-84981941E44D}"
EndProject
Global
	GlobalSection(SolutionConfigurationPlatforms) = preSolution
		Debug|Any CPU = Debug|Any CPU
		Release|Any CPU = Release|Any CPU
	EndGlobalSection
	GlobalSection(ProjectConfigurationPlatforms) = postSolution
		{23D6D4C5-4372-4902-A7A8-DD33F74BBF86}.Debug|Any CPU.ActiveCfg = Debug|Any CPU
		{23D6D4C5-4372-4902-A7A8-DD33F74BBF86}.Debug|Any CPU.Build.0 = Debug|Any CPU
		{23D6D4C5-4372-4902-A7A8-DD33F74BBF86}.Release|Any CPU.ActiveCfg = Release|Any CPU
		{23D6D4C5-4372-4902-A7A8-DD33F74BBF86}.Release|Any CPU.Build.0 = Release|Any CPU
		{E6DBEFF2-1FB6-44D0-828A-0102ACED0B2E}.Debug|Any CPU.ActiveCfg = Debug|Any CPU
		{E6DBEFF2-1FB6-44D0-828A-0102ACED0B2E}.Debug|Any CPU.Build.0 = Debug|Any CPU
		{E6DBEFF2-1FB6-44D0-828A-0102ACED0B2E}.Release|Any CPU.ActiveCfg = Release|Any CPU
		{E6DBEFF2-1FB6-44D0-828A-0102ACED0B2E}.Release|Any CPU.Build.0 = Release|Any CPU
		{84A2B056-F19D-437B-B8E6-464991EDA67D}.Debug|Any CPU.ActiveCfg = Debug|Any CPU
		{84A2B056-F19D-437B-B8E6-464991EDA67D}.Debug|Any CPU.Build.0 = Debug|Any CPU
		{84A2B056-F19D-437B-B8E6-464991EDA67D}.Release|Any CPU.ActiveCfg = Release|Any CPU
		{84A2B056-F19D-437B-B8E6-464991EDA67D}.Release|Any CPU.Build.0 = Release|Any CPU
		{A068F3BD-7E71-4AB2-AD37-84981941E44D}.Debug|Any CPU.ActiveCfg = Debug|Any CPU
		{A068F3BD-7E71-4AB2-AD37-84981941E44D}.Debug|Any CPU.Build.0 = Debug|Any CPU
		{A068F3BD-7E71-4AB2-AD37-84981941E44D}.Release|Any CPU.ActiveCfg = Release|Any CPU
		{A068F3BD-7E71-4AB2-AD37-84981941E44D}.Release|Any CPU.Build.0 = Release|Any CPU
	EndGlobalSection
	GlobalSection(SolutionProperties) = preSolution
		HideSolutionNode = FALSE
	EndGlobalSection
	GlobalSection(ExtensibilityGlobals) = postSolution
		SolutionGuid = {04D7359E-980F-4CFE-B06E-F6BB73705805}
	EndGlobalSection
EndGlobal
